
Microsoft Visual Studio Solution File, Format Version 12.00
# Visual Studio Version 16
VisualStudioVersion = 16.0.30204.135
MinimumVisualStudioVersion = 10.0.40219.1
Project("{FAE04EC0-301F-11D3-BF4B-00C04F79EFBC}") = "BMIcounter", "BMIcounter\BMIcounter.csproj", "{A7DCB6CC-8B69-4FD5-B34C-6E746A365DA3}"
EndProject
Global
	GlobalSection(SolutionConfigurationPlatforms) = preSolution
		Debug|Any CPU = Debug|Any CPU
		Release|Any CPU = Release|Any CPU
	EndGlobalSection
	GlobalSection(ProjectConfigurationPlatforms) = postSolution
		{A7DCB6CC-8B69-4FD5-B34C-6E746A365DA3}.Debug|Any CPU.ActiveCfg = Debug|Any CPU
		{A7DCB6CC-8B69-4FD5-B34C-6E746A365DA3}.Debug|Any CPU.Build.0 = Debug|Any CPU
		{A7DCB6CC-8B69-4FD5-B34C-6E746A365DA3}.Release|Any CPU.ActiveCfg = Release|Any CPU
		{A7DCB6CC-8B69-4FD5-B34C-6E746A365DA3}.Release|Any CPU.Build.0 = Release|Any CPU
	EndGlobalSection
	GlobalSection(SolutionProperties) = preSolution
		HideSolutionNode = FALSE
	EndGlobalSection
	GlobalSection(ExtensibilityGlobals) = postSolution
		SolutionGuid = {1EE187BA-F275-4067-86DF-FC8064B48458}
	EndGlobalSection
EndGlobal
